
Microsoft Visual Studio Solution File, Format Version 12.00
Project("{FAE04EC0-301F-11D3-BF4B-00C04F79EFBC}") = "EmployeesManagement", "EmployeesManagement.csproj", "{D45108D2-A318-46CC-B9F2-79FF246A48F5}"
EndProject
Global
	GlobalSection(SolutionConfigurationPlatforms) = preSolution
		Debug|Any CPU = Debug|Any CPU
		Release|Any CPU = Release|Any CPU
	EndGlobalSection
	GlobalSection(ProjectConfigurationPlatforms) = postSolution
		{D45108D2-A318-46CC-B9F2-79FF246A48F5}.Debug|Any CPU.ActiveCfg = Debug|Any CPU
		{D45108D2-A318-46CC-B9F2-79FF246A48F5}.Debug|Any CPU.Build.0 = Debug|Any CPU
		{D45108D2-A318-46CC-B9F2-79FF246A48F5}.Release|Any CPU.ActiveCfg = Release|Any CPU
		{D45108D2-A318-46CC-B9F2-79FF246A48F5}.Release|Any CPU.Build.0 = Release|Any CPU
	EndGlobalSection
EndGlobal
